PODS:
  - Alamofire (4.5.0)
  - HandyJSON (1.7.1)
  - Hero (0.3.6)
  - Kingfisher (3.10.2)
  - MBProgressHUD (1.0.0)
  - MJRefresh (3.1.12)
  - ReactiveCocoa (6.0.0-rc.1):
    - ReactiveSwift (= 2.0.0-rc.1)
  - ReactiveSwift (2.0.0-rc.1):
    - Result (~> 3.2)
  - Result (3.2.3)
  - SnapKit (3.2.0)

DEPENDENCIES:
  - Alamofire (~> 4.5.0)
  - HandyJSON (~> 1.7.1)
  - Hero (~> 0.3.6)
  - Kingfisher (~> 3.10.2)
  - MBProgressHUD
  - MJRefresh (~> 3.1.12)
  - ReactiveCocoa (~> 6.0.0-rc.1)
  - SnapKit (~> 3.2.0)

SPEC CHECKSUMS:
  Alamofire: f28cdffd29de33a7bfa022cbd63ae95a27fae140
  HandyJSON: 54b6ce942795f7b2e61b82fe73cf25d9f139d125
  Hero: d3c6f4dd80cdcdbb339be64e57ae3b5c3ab9938c
  Kingfisher: 7297492bf8cec9b2e2dee3519f2219948580d98e
  MBProgressHUD: 4890f671c94e8a0f3cf959aa731e9de2f036d71a
  MJRefresh: b96cdb21c4aa75a7b07654311ab2f315c497e806
  ReactiveCocoa: ab8a0f094012983d477f37ce69919df6e87b4e64
  ReactiveSwift: 9b5e51e9a0ff763aacb32911136c2df047cb3307
  Result: 128640a6347e8d2ae48b142556739a2d13f90ce6
  SnapKit: 1ca44df72cfa543218d177cb8aab029d10d86ea7

PODFILE CHECKSUM: 02445f34dfede5f6a012383f9fdd7e4e652d9184

COCOAPODS: 1.2.0
